
Microsoft Visual Studio Solution File, Format Version 12.00
# Visual Studio Version 17
VisualStudioVersion = 17.8.34330.188
MinimumVisualStudioVersion = 10.0.40219.1
Project("{FAE04EC0-301F-11D3-BF4B-00C04F79EFBC}") = "ToDoList", "ToDoList\ToDoList.csproj", "{BE3737F4-2211-4E02-8BB3-CDB323BD7200}"
EndProject
Global
	GlobalSection(SolutionConfigurationPlatforms) = preSolution
		Debug|Any CPU = Debug|Any CPU
		Release|Any CPU = Release|Any CPU
	EndGlobalSection
	GlobalSection(ProjectConfigurationPlatforms) = postSolution
		{BE3737F4-2211-4E02-8BB3-CDB323BD7200}.Debug|Any CPU.ActiveCfg = Debug|Any CPU
		{BE3737F4-2211-4E02-8BB3-CDB323BD7200}.Debug|Any CPU.Build.0 = Debug|Any CPU
		{BE3737F4-2211-4E02-8BB3-CDB323BD7200}.Release|Any CPU.ActiveCfg = Release|Any CPU
		{BE3737F4-2211-4E02-8BB3-CDB323BD7200}.Release|Any CPU.Build.0 = Release|Any CPU
	EndGlobalSection
	GlobalSection(SolutionProperties) = preSolution
		HideSolutionNode = FALSE
	EndGlobalSection
	GlobalSection(ExtensibilityGlobals) = postSolution
		SolutionGuid = {D2E3606E-DF58-4A3A-B888-3E3FF2F81466}
	EndGlobalSection
EndGlobal
